<?xml version="1.0" encoding="UTF-8"?>
<Project xmlns="http://schemas.microsoft.com/developer/msbuild/2003">
    <PropertyGroup>
        <ProjectGuid>{E4F5A6B7-C8D9-4E0F-1A2B-3C4D5E6F7A8B}</ProjectGuid>
        <ProjectVersion>19.5</ProjectVersion>
        <FrameworkType>None</FrameworkType>
        <MainSource>ExampleApp.dpr</MainSource>
        <Base>True</Base>
        <Config Condition="'$(Config)'==''">Debug</Config>
        <Platform Condition="'$(Platform)'==''">Win32</Platform>
        <TargetedPlatforms>3</TargetedPlatforms>
        <AppType>Application</AppType>
    </PropertyGroup>
    <PropertyGroup Condition="'$(Config)'=='Base' or '$(Base)'!=''">
        <Base>true</Base>
    </PropertyGroup>
    <PropertyGroup Condition="('$(Platform)'=='Win32' and '$(Base)'=='true') or '$(Base_Win32)'!=''">
        <Base_Win32>true</Base_Win32>
        <CfgParent>Base</CfgParent>
        <Base>true</Base>
    </PropertyGroup>
    <PropertyGroup Condition="('$(Platform)'=='Win64' and '$(Base)'=='true') or '$(Base_Win64)'!=''">
        <Base_Win64>true</Base_Win64>
        <CfgParent>Base</CfgParent>
        <Base>true</Base>
    </PropertyGroup>
    <PropertyGroup Condition="'$(Base)'!=''">
        <DCC_DcuOutput>..\..\build\$(Platform)\$(Config)\dcu</DCC_DcuOutput>
        <DCC_ExeOutput>..\..\build\$(Platform)\$(Config)</DCC_ExeOutput>
        <DCC_DcpOutput>..\..\build\$(Platform)\$(Config)\dcu</DCC_DcpOutput>
        <DCC_UnitSearchPath>..\..\src;$(DCC_UnitSearchPath)</DCC_UnitSearchPath>
        <DCC_Namespace>System;Xml;Data;Datasnap;Web;Soap;$(DCC_Namespace)</DCC_Namespace>
        <DCC_Description>DX.Comply Example Application</DCC_Description>
        <VerInfo_Keys>CompanyName=Olaf Monien;FileDescription=DX.Comply Example Application;FileVersion=1.0.0.0;InternalName=ExampleApp;LegalCopyright=Copyright © 2026 Olaf Monien;LegalTrademarks=;OriginalFilename=ExampleApp.exe;ProductName=DX.Comply;ProductVersion=1.0.0.0;Comments=MIT License</VerInfo_Keys>
        <VerInfo_MajorVer>1</VerInfo_MajorVer>
        <VerInfo_MinorVer>0</VerInfo_MinorVer>
        <VerInfo_Release>0</VerInfo_Release>
        <VerInfo_Build>0</VerInfo_Build>
        <VerInfo_Locale>1031</VerInfo_Locale>
        <VerInfo_IncludeVerInfo>true</VerInfo_IncludeVerInfo>
    </PropertyGroup>
    <PropertyGroup Condition="'$(Base_Win32)'!=''">
        <DCC_UsePackage>rtl;xmlrtl;$(DCC_UsePackage)</DCC_UsePackage>
        <VerInfo_Keys>CompanyName=Olaf Monien;FileDescription=DX.Comply Example Application;FileVersion=1.0.0.0;InternalName=ExampleApp;LegalCopyright=Copyright © 2026 Olaf Monien;LegalTrademarks=;OriginalFilename=ExampleApp.exe;ProductName=DX.Comply;ProductVersion=1.0.0.0;Comments=MIT License</VerInfo_Keys>
        <Manifest_File>$(BDS)\bin\default_app.manifest</Manifest_File>
        <Icon_MainIcon>$(BDS)\bin\delphi_PROJECTICON.ico</Icon_MainIcon>
        <AppEnableRuntimeThemes>true</AppEnableRuntimeThemes>
        <AppEnableHighDPI>true</AppEnableHighDPI>
    </PropertyGroup>
    <PropertyGroup Condition="'$(Base_Win64)'!=''">
        <DCC_UsePackage>rtl;xmlrtl;$(DCC_UsePackage)</DCC_UsePackage>
        <VerInfo_Keys>CompanyName=Olaf Monien;FileDescription=DX.Comply Example Application;FileVersion=1.0.0.0;InternalName=ExampleApp;LegalCopyright=Copyright © 2026 Olaf Monien;LegalTrademarks=;OriginalFilename=ExampleApp.exe;ProductName=DX.Comply;ProductVersion=1.0.0.0;Comments=MIT License</VerInfo_Keys>
        <Manifest_File>$(BDS)\bin\default_app.manifest</Manifest_File>
        <Icon_MainIcon>$(BDS)\bin\delphi_PROJECTICON.ico</Icon_MainIcon>
        <AppEnableRuntimeThemes>true</AppEnableRuntimeThemes>
        <AppEnableHighDPI>true</AppEnableHighDPI>
    </PropertyGroup>
    <PropertyGroup Condition="'$(Cfg_1)'!=''">
        <CfgParent>Base</CfgParent>
        <Base>true</Base>
        <Cfg_1>true</Cfg_1>
    </PropertyGroup>
    <PropertyGroup Condition="'$(Cfg_2)'!=''">
        <CfgParent>Base</CfgParent>
        <Base>true</Base>
        <Cfg_2>true</Cfg_2>
    </PropertyGroup>
    <PropertyGroup Condition="'$(Cfg_1)'!=''">
        <DCC_Define>DEBUG;$(DCC_Define)</DCC_Define>
        <DCC_Optimize>false</DCC_Optimize>
        <DCC_DebugInformation>true</DCC_DebugInformation>
        <DCC_LocalDebugSymbols>true</DCC_LocalDebugSymbols>
        <DCC_SymbolReferenceInfo>1</DCC_SymbolReferenceInfo>
    </PropertyGroup>
    <PropertyGroup Condition="'$(Cfg_2)'!=''">
        <DCC_Define>RELEASE;$(DCC_Define)</DCC_Define>
        <DCC_DebugInformation>0</DCC_DebugInformation>
        <DCC_LocalDebugSymbols>false</DCC_LocalDebugSymbols>
        <DCC_SymbolReferenceInfo>0</DCC_SymbolReferenceInfo>
        <DCC_Optimize>true</DCC_Optimize>
    </PropertyGroup>
    <ItemGroup>
        <DelphiCompile Include="$(MainSource)">
            <MainSource>MainSource</MainSource>
        </DelphiCompile>
        <DCCReference Include="ExampleApp.dpr"/>
        <BuildConfiguration Include="Base">
            <Key>Base</Key>
        </BuildConfiguration>
        <BuildConfiguration Include="Debug">
            <Key>Cfg_1</Key>
            <CfgParent>Base</CfgParent>
        </BuildConfiguration>
        <BuildConfiguration Include="Release">
            <Key>Cfg_2</Key>
            <CfgParent>Base</CfgParent>
        </BuildConfiguration>
    </ItemGroup>
    <ProjectExtensions>
        <Borland.Personality>Delphi.Personality.12</Borland.Personality>
        <Borland.ProjectType>Application</Borland.ProjectType>
        <BorlandProject>
            <Delphi.Personality>
                <Source>
                    <Source Name="MainSource">ExampleApp.dpr</Source>
                </Source>
            </Delphi.Personality>
            <Platforms>
                <Platform value="Win32">True</Platform>
                <Platform value="Win64">True</Platform>
            </Platforms>
            <VersionInfo>
                <VersionInfo Name="IncludeVerInfo">True</VersionInfo>
                <VersionInfo Name="AutoIncBuild">False</VersionInfo>
                <VersionInfo Name="MajorVer">1</VersionInfo>
                <VersionInfo Name="MinorVer">0</VersionInfo>
                <VersionInfo Name="Release">0</VersionInfo>
                <VersionInfo Name="Build">0</VersionInfo>
                <VersionInfo Name="Debug">False</VersionInfo>
                <VersionInfo Name="PreRelease">False</VersionInfo>
                <VersionInfo Name="Special">False</VersionInfo>
                <VersionInfo Name="Private">False</VersionInfo>
                <VersionInfo Name="DLL">False</VersionInfo>
                <VersionInfo Name="Locale">1031</VersionInfo>
                <VersionInfo Name="CodePage">1252</VersionInfo>
            </VersionInfo>
            <VersionInfoKeys>
                <VersionInfoKey Name="CompanyName">Olaf Monien</VersionInfoKey>
                <VersionInfoKey Name="FileDescription">DX.Comply Example Application</VersionInfoKey>
                <VersionInfoKey Name="FileVersion">1.0.0.0</VersionInfoKey>
                <VersionInfoKey Name="InternalName">ExampleApp</VersionInfoKey>
                <VersionInfoKey Name="LegalCopyright">Copyright &#169; 2026 Olaf Monien</VersionInfoKey>
                <VersionInfoKey Name="LegalTrademarks"/>
                <VersionInfoKey Name="OriginalFilename">ExampleApp.exe</VersionInfoKey>
                <VersionInfoKey Name="ProductName">DX.Comply</VersionInfoKey>
                <VersionInfoKey Name="ProductVersion">1.0.0.0</VersionInfoKey>
                <VersionInfoKey Name="Comments">MIT License</VersionInfoKey>
            </VersionInfoKeys>
        </BorlandProject>
        <ProjectFileVersion>12</ProjectFileVersion>
    </ProjectExtensions>
    <Import Project="$(BDS)\Bin\CodeGear.Delphi.Targets" Condition="Exists('$(BDS)\Bin\CodeGear.Delphi.Targets')"/>
    <Import Project="$(APPDATA)\Embarcadero\$(BDSAPPDATABASEDIR)\$(PRODUCTVERSION)\UserTools.proj" Condition="Exists('$(APPDATA)\Embarcadero\$(BDSAPPDATABASEDIR)\$(PRODUCTVERSION)\UserTools.proj')"/>
    <Import Project="$(MSBuildProjectName).deployproj" Condition="Exists('$(MSBuildProjectName).deployproj')"/>
</Project>
